// !$*UTF8*$!
{
	archiveVersion = 1;
	classes = {
	};
	objectVersion = 56;
	objects = {

/* Begin PBXBuildFile section */
		62639A7F29F145C300888809 /* AppDelegate.swift in Sources */ = {isa = PBXBuildFile; fileRef = 62639A7E29F145C300888809 /* AppDelegate.swift */; };
		62639A8129F145C300888809 /* SceneDelegate.swift in Sources */ = {isa = PBXBuildFile; fileRef = 62639A8029F145C300888809 /* SceneDelegate.swift */; };
		62639A8329F145C300888809 /* ViewController.swift in Sources */ = {isa = PBXBuildFile; fileRef = 62639A8229F145C300888809 /* ViewController.swift */; };
		62639A8629F145C300888809 /* Main.storyboard in Resources */ = {isa = PBXBuildFile; fileRef = 62639A8429F145C300888809 /* Main.storyboard */; };
		62639A8B29F145C400888809 /* LaunchScreen.storyboard in Resources */ = {isa = PBXBuildFile; fileRef = 62639A8929F145C400888809 /* LaunchScreen.storyboard */; };
		62639A9529F2C24400888809 /* Buttons.swift in Sources */ = {isa = PBXBuildFile; fileRef = 62639A9429F2C24400888809 /* Buttons.swift */; };
		627A370E29F42D22000CD248 /* Assets.xcassets in Resources */ = {isa = PBXBuildFile; fileRef = 62639A8729F145C400888809 /* Assets.xcassets */; };
		6292D1F129F478AD00001B03 /* match.wav in Resources */ = {isa = PBXBuildFile; fileRef = 6292D1EF29F478AC00001B03 /* match.wav */; };
		6292D1F229F478AD00001B03 /* reset.wav in Resources */ = {isa = PBXBuildFile; fileRef = 6292D1F029F478AC00001B03 /* reset.wav */; };
		6292D1FB29F56CA400001B03 /* selection.wav in Resources */ = {isa = PBXBuildFile; fileRef = 6292D1FA29F56CA400001B03 /* selection.wav */; };
/* End PBXBuildFile section */

/* Begin PBXFileReference section */
		62639A7B29F145C300888809 /* Furry Flip.app */ = {isa = PBXFileReference; explicitFileType = wrapper.application; includeInIndex = 0; path = "Furry Flip.app"; sourceTree = BUILT_PRODUCTS_DIR; };
		62639A7E29F145C300888809 /* AppDelegate.swift */ = {isa = PBXFileReference; lastKnownFileType = sourcecode.swift; path = AppDelegate.swift; sourceTree = "<group>"; };
		62639A8029F145C300888809 /* SceneDelegate.swift */ = {isa = PBXFileReference; lastKnownFileType = sourcecode.swift; path = SceneDelegate.swift; sourceTree = "<group>"; };
		62639A8229F145C300888809 /* ViewController.swift */ = {isa = PBXFileReference; lastKnownFileType = sourcecode.swift; path = ViewController.swift; sourceTree = "<group>"; };
		62639A8529F145C300888809 /* Base */ = {isa = PBXFileReference; lastKnownFileType = file.storyboard; name = Base; path = Base.lproj/Main.storyboard; sourceTree = "<group>"; };
		62639A8729F145C400888809 /* Assets.xcassets */ = {isa = PBXFileReference; lastKnownFileType = folder.assetcatalog; path = Assets.xcassets; sourceTree = "<group>"; };
		62639A8A29F145C400888809 /* Base */ = {isa = PBXFileReference; lastKnownFileType = file.storyboard; name = Base; path = Base.lproj/LaunchScreen.storyboard; sourceTree = "<group>"; };
		62639A8C29F145C400888809 /* Info.plist */ = {isa = PBXFileReference; lastKnownFileType = text.plist.xml; path = Info.plist; sourceTree = "<group>"; };
		62639A9429F2C24400888809 /* Buttons.swift */ = {isa = PBXFileReference; lastKnownFileType = sourcecode.swift; path = Buttons.swift; sourceTree = "<group>"; };
		6292D1EF29F478AC00001B03 /* match.wav */ = {isa = PBXFileReference; lastKnownFileType = audio.wav; path = match.wav; sourceTree = "<group>"; };
		6292D1F029F478AC00001B03 /* reset.wav */ = {isa = PBXFileReference; lastKnownFileType = audio.wav; path = reset.wav; sourceTree = "<group>"; };
		6292D1FA29F56CA400001B03 /* selection.wav */ = {isa = PBXFileReference; lastKnownFileType = audio.wav; path = selection.wav; sourceTree = "<group>"; };
/* End PBXFileReference section */

/* Begin PBXFrameworksBuildPhase section */
		62639A7829F145C300888809 /* Frameworks */ = {
			isa = PBXFrameworksBuildPhase;
			buildActionMask = 2147483647;
			files = (
			);
			runOnlyForDeploymentPostprocessing = 0;
		};
/* End PBXFrameworksBuildPhase section */

/* Begin PBXGroup section */
		62639A7229F145C300888809 = {
			isa = PBXGroup;
			children = (
				62639A7D29F145C300888809 /* Memory Game */,
				62639A7C29F145C300888809 /* Products */,
			);
			sourceTree = "<group>";
		};
		62639A7C29F145C300888809 /* Products */ = {
			isa = PBXGroup;
			children = (
				62639A7B29F145C300888809 /* Furry Flip.app */,
			);
			name = Products;
			sourceTree = "<group>";
		};
		62639A7D29F145C300888809 /* Memory Game */ = {
			isa = PBXGroup;
			children = (
				62639A7E29F145C300888809 /* AppDelegate.swift */,
				62639A8029F145C300888809 /* SceneDelegate.swift */,
				62639A9429F2C24400888809 /* Buttons.swift */,
				62639A8229F145C300888809 /* ViewController.swift */,
				62639A8429F145C300888809 /* Main.storyboard */,
				62639A8729F145C400888809 /* Assets.xcassets */,
				62639A8929F145C400888809 /* LaunchScreen.storyboard */,
				62639A8C29F145C400888809 /* Info.plist */,
				6292D1F329F478B900001B03 /* Sounds */,
			);
			path = "Memory Game";
			sourceTree = "<group>";
		};
		6292D1F329F478B900001B03 /* Sounds */ = {
			isa = PBXGroup;
			children = (
				6292D1FA29F56CA400001B03 /* selection.wav */,
				6292D1F029F478AC00001B03 /* reset.wav */,
				6292D1EF29F478AC00001B03 /* match.wav */,
			);
			path = Sounds;
			sourceTree = "<group>";
		};
/* End PBXGroup section */

/* Begin PBXNativeTarget section */
		62639A7A29F145C300888809 /* Furry Flip */ = {
			isa = PBXNativeTarget;
			buildConfigurationList = 62639A8F29F145C400888809 /* Build configuration list for PBXNativeTarget "Furry Flip" */;
			buildPhases = (
				62639A7729F145C300888809 /* Sources */,
				62639A7829F145C300888809 /* Frameworks */,
				62639A7929F145C300888809 /* Resources */,
			);
			buildRules = (
			);
			dependencies = (
			);
			name = "Furry Flip";
			productName = "Memory Game";
			productReference = 62639A7B29F145C300888809 /* Furry Flip.app */;
			productType = "com.apple.product-type.application";
		};
/* End PBXNativeTarget section */

/* Begin PBXProject section */
		62639A7329F145C300888809 /* Project object */ = {
			isa = PBXProject;
			attributes = {
				BuildIndependentTargetsInParallel = 1;
				LastSwiftUpdateCheck = 1420;
				LastUpgradeCheck = 1420;
				TargetAttributes = {
					62639A7A29F145C300888809 = {
						CreatedOnToolsVersion = 14.2;
					};
				};
			};
			buildConfigurationList = 62639A7629F145C300888809 /* Build configuration list for PBXProject "Furry Flip" */;
			compatibilityVersion = "Xcode 14.0";
			developmentRegion = en;
			hasScannedForEncodings = 0;
			knownRegions = (
				en,
				Base,
			);
			mainGroup = 62639A7229F145C300888809;
			productRefGroup = 62639A7C29F145C300888809 /* Products */;
			projectDirPath = "";
			projectRoot = "";
			targets = (
				62639A7A29F145C300888809 /* Furry Flip */,
			);
		};
/* End PBXProject section */

/* Begin PBXResourcesBuildPhase section */
		62639A7929F145C300888809 /* Resources */ = {
			isa = PBXResourcesBuildPhase;
			buildActionMask = 2147483647;
			files = (
				62639A8B29F145C400888809 /* LaunchScreen.storyboard in Resources */,
				627A370E29F42D22000CD248 /* Assets.xcassets in Resources */,
				6292D1F229F478AD00001B03 /* reset.wav in Resources */,
				6292D1FB29F56CA400001B03 /* selection.wav in Resources */,
				6292D1F129F478AD00001B03 /* match.wav in Resources */,
				62639A8629F145C300888809 /* Main.storyboard in Resources */,
			);
			runOnlyForDeploymentPostprocessing = 0;
		};
/* End PBXResourcesBuildPhase section */

/* Begin PBXSourcesBuildPhase section */
		62639A7729F145C300888809 /* Sources */ = {
			isa = PBXSourcesBuildPhase;
			buildActionMask = 2147483647;
			files = (
				62639A9529F2C24400888809 /* Buttons.swift in Sources */,
				62639A8329F145C300888809 /* ViewController.swift in Sources */,
				62639A7F29F145C300888809 /* AppDelegate.swift in Sources */,
				62639A8129F145C300888809 /* SceneDelegate.swift in Sources */,
			);
			runOnlyForDeploymentPostprocessing = 0;
		};
/* End PBXSourcesBuildPhase section */

/* Begin PBXVariantGroup section */
		62639A8429F145C300888809 /* Main.storyboard */ = {
			isa = PBXVariantGroup;
			children = (
				62639A8529F145C300888809 /* Base */,
			);
			name = Main.storyboard;
			sourceTree = "<group>";
		};
		62639A8929F145C400888809 /* LaunchScreen.storyboard */ = {
			isa = PBXVariantGroup;
			children = (
				62639A8A29F145C400888809 /* Base */,
			);
			name = LaunchScreen.storyboard;
			sourceTree = "<group>";
		};
/* End PBXVariantGroup section */

/* Begin XCBuildConfiguration section */
		62639A8D29F145C400888809 /* Debug */ = {
			isa = XCBuildConfiguration;
			buildSettings = {
				ALWAYS_SEARCH_USER_PATHS = NO;
				CLANG_ANALYZER_NONNULL = YES;
				CLANG_ANALYZER_NUMBER_OBJECT_CONVERSION = YES_AGGRESSIVE;
				CLANG_CXX_LANGUAGE_STANDARD = "gnu++20";
				CLANG_ENABLE_MODULES = YES;
				CLANG_ENABLE_OBJC_ARC = YES;
				CLANG_ENABLE_OBJC_WEAK = YES;
				CLANG_WARN_BLOCK_CAPTURE_AUTORELEASING = YES;
				CLANG_WARN_BOOL_CONVERSION = YES;
				CLANG_WARN_COMMA = YES;
				CLANG_WARN_CONSTANT_CONVERSION = YES;
				CLANG_WARN_DEPRECATED_OBJC_IMPLEMENTATIONS = YES;
				CLANG_WARN_DIRECT_OBJC_ISA_USAGE = YES_ERROR;
				CLANG_WARN_DOCUMENTATION_COMMENTS = YES;
				CLANG_WARN_EMPTY_BODY = YES;
				CLANG_WARN_ENUM_CONVERSION = YES;
				CLANG_WARN_INFINITE_RECURSION = YES;
				CLANG_WARN_INT_CONVERSION = YES;
				CLANG_WARN_NON_LITERAL_NULL_CONVERSION = YES;
				CLANG_WARN_OBJC_IMPLICIT_RETAIN_SELF = YES;
				CLANG_WARN_OBJC_LITERAL_CONVERSION = YES;
				CLANG_WARN_OBJC_ROOT_CLASS = YES_ERROR;
				CLANG_WARN_QUOTED_INCLUDE_IN_FRAMEWORK_HEADER = YES;
				CLANG_WARN_RANGE_LOOP_ANALYSIS = YES;
				CLANG_WARN_STRICT_PROTOTYPES = YES;
				CLANG_WARN_SUSPICIOUS_MOVE = YES;
				CLANG_WARN_UNGUARDED_AVAILABILITY = YES_AGGRESSIVE;
				CLANG_WARN_UNREACHABLE_CODE = YES;
				CLANG_WARN__DUPLICATE_METHOD_MATCH = YES;
				COPY_PHASE_STRIP = NO;
				DEBUG_INFORMATION_FORMAT = dwarf;
				ENABLE_STRICT_OBJC_MSGSEND = YES;
				ENABLE_TESTABILITY = YES;
				GCC_C_LANGUAGE_STANDARD = gnu11;
				GCC_DYNAMIC_NO_PIC = NO;
				GCC_NO_COMMON_BLOCKS = YES;
				GCC_OPTIMIZATION_LEVEL = 0;
				GCC_PREPROCESSOR_DEFINITIONS = (
					"DEBUG=1",
					"$(inherited)",
				);
				GCC_WARN_64_TO_32_BIT_CONVERSION = YES;
				GCC_WARN_ABOUT_RETURN_TYPE = YES_ERROR;
				GCC_WARN_UNDECLARED_SELECTOR = YES;
				GCC_WARN_UNINITIALIZED_AUTOS = YES_AGGRESSIVE;
				GCC_WARN_UNUSED_FUNCTION = YES;
				GCC_WARN_UNUSED_VARIABLE = YES;
				IPHONEOS_DEPLOYMENT_TARGET = 16.2;
				MTL_ENABLE_DEBUG_INFO = INCLUDE_SOURCE;
				MTL_FAST_MATH = YES;
				ONLY_ACTIVE_ARCH = YES;
				SDKROOT = iphoneos;
				SWIFT_ACTIVE_COMPILATION_CONDITIONS = DEBUG;
				SWIFT_OPTIMIZATION_LEVEL = "-Onone";
			};
			name = Debug;
		};
		62639A8E29F145C400888809 /* Release */ = {
			isa = XCBuildConfiguration;
			buildSettings = {
				ALWAYS_SEARCH_USER_PATHS = NO;
				CLANG_ANALYZER_NONNULL = YES;
				CLANG_ANALYZER_NUMBER_OBJECT_CONVERSION = YES_AGGRESSIVE;
				CLANG_CXX_LANGUAGE_STANDARD = "gnu++20";
				CLANG_ENABLE_MODULES = YES;
				CLANG_ENABLE_OBJC_ARC = YES;
				CLANG_ENABLE_OBJC_WEAK = YES;
				CLANG_WARN_BLOCK_CAPTURE_AUTORELEASING = YES;
				CLANG_WARN_BOOL_CONVERSION = YES;
				CLANG_WARN_COMMA = YES;
				CLANG_WARN_CONSTANT_CONVERSION = YES;
				CLANG_WARN_DEPRECATED_OBJC_IMPLEMENTATIONS = YES;
				CLANG_WARN_DIRECT_OBJC_ISA_USAGE = YES_ERROR;
				CLANG_WARN_DOCUMENTATION_COMMENTS = YES;
				CLANG_WARN_EMPTY_BODY = YES;
				CLANG_WARN_ENUM_CONVERSION = YES;
				CLANG_WARN_INFINITE_RECURSION = YES;
				CLANG_WARN_INT_CONVERSION = YES;
				CLANG_WARN_NON_LITERAL_NULL_CONVERSION = YES;
				CLANG_WARN_OBJC_IMPLICIT_RETAIN_SELF = YES;
				CLANG_WARN_OBJC_LITERAL_CONVERSION = YES;
				CLANG_WARN_OBJC_ROOT_CLASS = YES_ERROR;
				CLANG_WARN_QUOTED_INCLUDE_IN_FRAMEWORK_HEADER = YES;
				CLANG_WARN_RANGE_LOOP_ANALYSIS = YES;
				CLANG_WARN_STRICT_PROTOTYPES = YES;
				CLANG_WARN_SUSPICIOUS_MOVE = YES;
				CLANG_WARN_UNGUARDED_AVAILABILITY = YES_AGGRESSIVE;
				CLANG_WARN_UNREACHABLE_CODE = YES;
				CLANG_WARN__DUPLICATE_METHOD_MATCH = YES;
				COPY_PHASE_STRIP = NO;
				DEBUG_INFORMATION_FORMAT = "dwarf-with-dsym";
				ENABLE_NS_ASSERTIONS = NO;
				ENABLE_STRICT_OBJC_MSGSEND = YES;
				GCC_C_LANGUAGE_STANDARD = gnu11;
				GCC_NO_COMMON_BLOCKS = YES;
				GCC_WARN_64_TO_32_BIT_CONVERSION = YES;
				GCC_WARN_ABOUT_RETURN_TYPE = YES_ERROR;
				GCC_WARN_UNDECLARED_SELECTOR = YES;
				GCC_WARN_UNINITIALIZED_AUTOS = YES_AGGRESSIVE;
				GCC_WARN_UNUSED_FUNCTION = YES;
				GCC_WARN_UNUSED_VARIABLE = YES;
				IPHONEOS_DEPLOYMENT_TARGET = 16.2;
				MTL_ENABLE_DEBUG_INFO = NO;
				MTL_FAST_MATH = YES;
				SDKROOT = iphoneos;
				SWIFT_COMPILATION_MODE = wholemodule;
				SWIFT_OPTIMIZATION_LEVEL = "-O";
				VALIDATE_PRODUCT = YES;
			};
			name = Release;
		};
		62639A9029F145C400888809 /* Debug */ = {
			isa = XCBuildConfiguration;
			buildSettings = {
				ASSETCATALOG_COMPILER_APPICON_NAME = AppIcon;
				ASSETCATALOG_COMPILER_GLOBAL_ACCENT_COLOR_NAME = AccentColor;
				CODE_SIGN_STYLE = Automatic;
				CURRENT_PROJECT_VERSION = 1;
				DEVELOPMENT_TEAM = DTJ5G5B67W;
				GENERATE_INFOPLIST_FILE = YES;
				INFOPLIST_FILE = "Memory Game/Info.plist";
				INFOPLIST_KEY_UIApplicationSupportsIndirectInputEvents = YES;
				INFOPLIST_KEY_UILaunchStoryboardName = LaunchScreen;
				INFOPLIST_KEY_UIMainStoryboardFile = Main;
				INFOPLIST_KEY_UISupportedInterfaceOrientations = UIInterfaceOrientationPortrait;
				LD_RUNPATH_SEARCH_PATHS = (
					"$(inherited)",
					"@executable_path/Frameworks",
				);
				MARKETING_VERSION = 1.0;
				PRODUCT_BUNDLE_IDENTIFIER = "com.AndreaBottino.Memory-Game";
				PRODUCT_NAME = "$(TARGET_NAME)";
				SWIFT_EMIT_LOC_STRINGS = YES;
				SWIFT_VERSION = 5.0;
				TARGETED_DEVICE_FAMILY = "1,2";
			};
			name = Debug;
		};
		62639A9129F145C400888809 /* Release */ = {
			isa = XCBuildConfiguration;
			buildSettings = {
				ASSETCATALOG_COMPILER_APPICON_NAME = AppIcon;
				ASSETCATALOG_COMPILER_GLOBAL_ACCENT_COLOR_NAME = AccentColor;
				CODE_SIGN_STYLE = Automatic;
				CURRENT_PROJECT_VERSION = 1;
				DEVELOPMENT_TEAM = DTJ5G5B67W;
				GENERATE_INFOPLIST_FILE = YES;
				INFOPLIST_FILE = "Memory Game/Info.plist";
				INFOPLIST_KEY_UIApplicationSupportsIndirectInputEvents = YES;
				INFOPLIST_KEY_UILaunchStoryboardName = LaunchScreen;
				INFOPLIST_KEY_UIMainStoryboardFile = Main;
				INFOPLIST_KEY_UISupportedInterfaceOrientations = UIInterfaceOrientationPortrait;
				LD_RUNPATH_SEARCH_PATHS = (
					"$(inherited)",
					"@executable_path/Frameworks",
				);
				MARKETING_VERSION = 1.0;
				PRODUCT_BUNDLE_IDENTIFIER = "com.AndreaBottino.Memory-Game";
				PRODUCT_NAME = "$(TARGET_NAME)";
				SWIFT_EMIT_LOC_STRINGS = YES;
				SWIFT_VERSION = 5.0;
				TARGETED_DEVICE_FAMILY = "1,2";
			};
			name = Release;
		};
/* End XCBuildConfiguration section */

/* Begin XCConfigurationList section */
		62639A7629F145C300888809 /* Build configuration list for PBXProject "Furry Flip" */ = {
			isa = XCConfigurationList;
			buildConfigurations = (
				62639A8D29F145C400888809 /* Debug */,
				62639A8E29F145C400888809 /* Release */,
			);
			defaultConfigurationIsVisible = 0;
			defaultConfigurationName = Release;
		};
		62639A8F29F145C400888809 /* Build configuration list for PBXNativeTarget "Furry Flip" */ = {
			isa = XCConfigurationList;
			buildConfigurations = (
				62639A9029F145C400888809 /* Debug */,
				62639A9129F145C400888809 /* Release */,
			);
			defaultConfigurationIsVisible = 0;
			defaultConfigurationName = Release;
		};
/* End XCConfigurationList section */
	};
	rootObject = 62639A7329F145C300888809 /* Project object */;
}
